// !$*UTF8*$!
{
	archiveVersion = 1;
	classes = {
	};
	objectVersion = 46;
	objects = {

/* Begin PBXBuildFile section */
		68164B8719DFB42200F1947F /* AppDelegate.swift in Sources */ = {isa = PBXBuildFile; fileRef = 68164B8619DFB42200F1947F /* AppDelegate.swift */; };
		68164B8919DFB42200F1947F /* ViewController.swift in Sources */ = {isa = PBXBuildFile; fileRef = 68164B8819DFB42200F1947F /* ViewController.swift */; };
		68164B8C19DFB42200F1947F /* Main.storyboard in Resources */ = {isa = PBXBuildFile; fileRef = 68164B8A19DFB42200F1947F /* Main.storyboard */; };
		68164B8E19DFB42200F1947F /* Images.xcassets in Resources */ = {isa = PBXBuildFile; fileRef = 68164B8D19DFB42200F1947F /* Images.xcassets */; };
		68164B9119DFB42200F1947F /* LaunchScreen.xib in Resources */ = {isa = PBXBuildFile; fileRef = 68164B8F19DFB42200F1947F /* LaunchScreen.xib */; };
		68164B9D19DFB42200F1947F /* PostcardTests.swift in Sources */ = {isa = PBXBuildFile; fileRef = 68164B9C19DFB42200F1947F /* PostcardTests.swift */; };
/* End PBXBuildFile section */

/* Begin PBXContainerItemProxy section */
		68164B9719DFB42200F1947F /* PBXContainerItemProxy */ = {
			isa = PBXContainerItemProxy;
			containerPortal = 68164B7919DFB42200F1947F /* Project object */;
			proxyType = 1;
			remoteGlobalIDString = 68164B8019DFB42200F1947F;
			remoteInfo = Postcard;
		};
/* End PBXContainerItemProxy section */

/* Begin PBXFileReference section */
		68164B8119DFB42200F1947F /* Postcard.app */ = {isa = PBXFileReference; explicitFileType = wrapper.application; includeInIndex = 0; path = Postcard.app; sourceTree = BUILT_PRODUCTS_DIR; };
		68164B8519DFB42200F1947F /* Info.plist */ = {isa = PBXFileReference; lastKnownFileType = text.plist.xml; path = Info.plist; sourceTree = "<group>"; };
		68164B8619DFB42200F1947F /* AppDelegate.swift */ = {isa = PBXFileReference; lastKnownFileType = sourcecode.swift; path = AppDelegate.swift; sourceTree = "<group>"; };
		68164B8819DFB42200F1947F /* ViewController.swift */ = {isa = PBXFileReference; lastKnownFileType = sourcecode.swift; path = ViewController.swift; sourceTree = "<group>"; };
		68164B8B19DFB42200F1947F /* Base */ = {isa = PBXFileReference; lastKnownFileType = file.storyboard; name = Base; path = Base.lproj/Main.storyboard; sourceTree = "<group>"; };
		68164B8D19DFB42200F1947F /* Images.xcassets */ = {isa = PBXFileReference; lastKnownFileType = folder.assetcatalog; path = Images.xcassets; sourceTree = "<group>"; };
		68164B9019DFB42200F1947F /* Base */ = {isa = PBXFileReference; lastKnownFileType = file.xib; name = Base; path = Base.lproj/LaunchScreen.xib; sourceTree = "<group>"; };
		68164B9619DFB42200F1947F /* PostcardTests.xctest */ = {isa = PBXFileReference; explicitFileType = wrapper.cfbundle; includeInIndex = 0; path = PostcardTests.xctest; sourceTree = BUILT_PRODUCTS_DIR; };
		68164B9B19DFB42200F1947F /* Info.plist */ = {isa = PBXFileReference; lastKnownFileType = text.plist.xml; path = Info.plist; sourceTree = "<group>"; };
		68164B9C19DFB42200F1947F /* PostcardTests.swift */ = {isa = PBXFileReference; lastKnownFileType = sourcecode.swift; path = PostcardTests.swift; sourceTree = "<group>"; };
/* End PBXFileReference section */

/* Begin PBXFrameworksBuildPhase section */
		68164B7E19DFB42200F1947F /* Frameworks */ = {
			isa = PBXFrameworksBuildPhase;
			buildActionMask = 2147483647;
			files = (
			);
			runOnlyForDeploymentPostprocessing = 0;
		};
		68164B9319DFB42200F1947F /* Frameworks */ = {
			isa = PBXFrameworksBuildPhase;
			buildActionMask = 2147483647;
			files = (
			);
			runOnlyForDeploymentPostprocessing = 0;
		};
/* End PBXFrameworksBuildPhase section */

/* Begin PBXGroup section */
		68164B7819DFB42200F1947F = {
			isa = PBXGroup;
			children = (
				68164B8319DFB42200F1947F /* Postcard */,
				68164B9919DFB42200F1947F /* PostcardTests */,
				68164B8219DFB42200F1947F /* Products */,
			);
			sourceTree = "<group>";
		};
		68164B8219DFB42200F1947F /* Products */ = {
			isa = PBXGroup;
			children = (
				68164B8119DFB42200F1947F /* Postcard.app */,
				68164B9619DFB42200F1947F /* PostcardTests.xctest */,
			);
			name = Products;
			sourceTree = "<group>";
		};
		68164B8319DFB42200F1947F /* Postcard */ = {
			isa = PBXGroup;
			children = (
				68164B8619DFB42200F1947F /* AppDelegate.swift */,
				68164B8819DFB42200F1947F /* ViewController.swift */,
				68164B8A19DFB42200F1947F /* Main.storyboard */,
				68164B8D19DFB42200F1947F /* Images.xcassets */,
				68164B8F19DFB42200F1947F /* LaunchScreen.xib */,
				68164B8419DFB42200F1947F /* Supporting Files */,
			);
			path = Postcard;
			sourceTree = "<group>";
		};
		68164B8419DFB42200F1947F /* Supporting Files */ = {
			isa = PBXGroup;
			children = (
				68164B8519DFB42200F1947F /* Info.plist */,
			);
			name = "Supporting Files";
			sourceTree = "<group>";
		};
		68164B9919DFB42200F1947F /* PostcardTests */ = {
			isa = PBXGroup;
			children = (
				68164B9C19DFB42200F1947F /* PostcardTests.swift */,
				68164B9A19DFB42200F1947F /* Supporting Files */,
			);
			path = PostcardTests;
			sourceTree = "<group>";
		};
		68164B9A19DFB42200F1947F /* Supporting Files */ = {
			isa = PBXGroup;
			children = (
				68164B9B19DFB42200F1947F /* Info.plist */,
			);
			name = "Supporting Files";
			sourceTree = "<group>";
		};
/* End PBXGroup section */

/* Begin PBXNativeTarget section */
		68164B8019DFB42200F1947F /* Postcard */ = {
			isa = PBXNativeTarget;
			buildConfigurationList = 68164BA019DFB42200F1947F /* Build configuration list for PBXNativeTarget "Postcard" */;
			buildPhases = (
				68164B7D19DFB42200F1947F /* Sources */,
				68164B7E19DFB42200F1947F /* Frameworks */,
				68164B7F19DFB42200F1947F /* Resources */,
			);
			buildRules = (
			);
			dependencies = (
			);
			name = Postcard;
			productName = Postcard;
			productReference = 68164B8119DFB42200F1947F /* Postcard.app */;
			productType = "com.apple.product-type.application";
		};
		68164B9519DFB42200F1947F /* PostcardTests */ = {
			isa = PBXNativeTarget;
			buildConfigurationList = 68164BA319DFB42200F1947F /* Build configuration list for PBXNativeTarget "PostcardTests" */;
			buildPhases = (
				68164B9219DFB42200F1947F /* Sources */,
				68164B9319DFB42200F1947F /* Frameworks */,
				68164B9419DFB42200F1947F /* Resources */,
			);
			buildRules = (
			);
			dependencies = (
				68164B9819DFB42200F1947F /* PBXTargetDependency */,
			);
			name = PostcardTests;
			productName = PostcardTests;
			productReference = 68164B9619DFB42200F1947F /* PostcardTests.xctest */;
			productType = "com.apple.product-type.bundle.unit-test";
		};
/* End PBXNativeTarget section */

/* Begin PBXProject section */
		68164B7919DFB42200F1947F /* Project object */ = {
			isa = PBXProject;
			attributes = {
				LastUpgradeCheck = 0600;
				ORGANIZATIONNAME = KT;
				TargetAttributes = {
					68164B8019DFB42200F1947F = {
						CreatedOnToolsVersion = 6.0.1;
					};
					68164B9519DFB42200F1947F = {
						CreatedOnToolsVersion = 6.0.1;
						TestTargetID = 68164B8019DFB42200F1947F;
					};
				};
			};
			buildConfigurationList = 68164B7C19DFB42200F1947F /* Build configuration list for PBXProject "Postcard" */;
			compatibilityVersion = "Xcode 3.2";
			developmentRegion = English;
			hasScannedForEncodings = 0;
			knownRegions = (
				en,
				Base,
			);
			mainGroup = 68164B7819DFB42200F1947F;
			productRefGroup = 68164B8219DFB42200F1947F /* Products */;
			projectDirPath = "";
			projectRoot = "";
			targets = (
				68164B8019DFB42200F1947F /* Postcard */,
				68164B9519DFB42200F1947F /* PostcardTests */,
			);
		};
/* End PBXProject section */

/* Begin PBXResourcesBuildPhase section */
		68164B7F19DFB42200F1947F /* Resources */ = {
			isa = PBXResourcesBuildPhase;
			buildActionMask = 2147483647;
			files = (
				68164B8C19DFB42200F1947F /* Main.storyboard in Resources */,
				68164B9119DFB42200F1947F /* LaunchScreen.xib in Resources */,
				68164B8E19DFB42200F1947F /* Images.xcassets in Resources */,
			);
			runOnlyForDeploymentPostprocessing = 0;
		};
		68164B9419DFB42200F1947F /* Resources */ = {
			isa = PBXResourcesBuildPhase;
			buildActionMask = 2147483647;
			files = (
			);
			runOnlyForDeploymentPostprocessing = 0;
		};
/* End PBXResourcesBuildPhase section */

/* Begin PBXSourcesBuildPhase section */
		68164B7D19DFB42200F1947F /* Sources */ = {
			isa = PBXSourcesBuildPhase;
			buildActionMask = 2147483647;
			files = (
				68164B8919DFB42200F1947F /* ViewController.swift in Sources */,
				68164B8719DFB42200F1947F /* AppDelegate.swift in Sources */,
			);
			runOnlyForDeploymentPostprocessing = 0;
		};
		68164B9219DFB42200F1947F /* Sources */ = {
			isa = PBXSourcesBuildPhase;
			buildActionMask = 2147483647;
			files = (
				68164B9D19DFB42200F1947F /* PostcardTests.swift in Sources */,
			);
			runOnlyForDeploymentPostprocessing = 0;
		};
/* End PBXSourcesBuildPhase section */

/* Begin PBXTargetDependency section */
		68164B9819DFB42200F1947F /* PBXTargetDependency */ = {
			isa = PBXTargetDependency;
			target = 68164B8019DFB42200F1947F /* Postcard */;
			targetProxy = 68164B9719DFB42200F1947F /* PBXContainerItemProxy */;
		};
/* End PBXTargetDependency section */

/* Begin PBXVariantGroup section */
		68164B8A19DFB42200F1947F /* Main.storyboard */ = {
			isa = PBXVariantGroup;
			children = (
				68164B8B19DFB42200F1947F /* Base */,
			);
			name = Main.storyboard;
			sourceTree = "<group>";
		};
		68164B8F19DFB42200F1947F /* LaunchScreen.xib */ = {
			isa = PBXVariantGroup;
			children = (
				68164B9019DFB42200F1947F /* Base */,
			);
			name = LaunchScreen.xib;
			sourceTree = "<group>";
		};
/* End PBXVariantGroup section */

/* Begin XCBuildConfiguration section */
		68164B9E19DFB42200F1947F /* Debug */ = {
			isa = XCBuildConfiguration;
			buildSettings = {
				ALWAYS_SEARCH_USER_PATHS = NO;
				CLANG_CXX_LANGUAGE_STANDARD = "gnu++0x";
				CLANG_CXX_LIBRARY = "libc++";
				CLANG_ENABLE_MODULES = YES;
				CLANG_ENABLE_OBJC_ARC = YES;
				CLANG_WARN_BOOL_CONVERSION = YES;
				CLANG_WARN_CONSTANT_CONVERSION = YES;
				CLANG_WARN_DIRECT_OBJC_ISA_USAGE = YES_ERROR;
				CLANG_WARN_EMPTY_BODY = YES;
				CLANG_WARN_ENUM_CONVERSION = YES;
				CLANG_WARN_INT_CONVERSION = YES;
				CLANG_WARN_OBJC_ROOT_CLASS = YES_ERROR;
				CLANG_WARN_UNREACHABLE_CODE = YES;
				CLANG_WARN__DUPLICATE_METHOD_MATCH = YES;
				"CODE_SIGN_IDENTITY[sdk=iphoneos*]" = "iPhone Developer";
				COPY_PHASE_STRIP = NO;
				ENABLE_STRICT_OBJC_MSGSEND = YES;
				GCC_C_LANGUAGE_STANDARD = gnu99;
				GCC_DYNAMIC_NO_PIC = NO;
				GCC_OPTIMIZATION_LEVEL = 0;
				GCC_PREPROCESSOR_DEFINITIONS = (
					"DEBUG=1",
					"$(inherited)",
				);
				GCC_SYMBOLS_PRIVATE_EXTERN = NO;
				GCC_WARN_64_TO_32_BIT_CONVERSION = YES;
				GCC_WARN_ABOUT_RETURN_TYPE = YES_ERROR;
				GCC_WARN_UNDECLARED_SELECTOR = YES;
				GCC_WARN_UNINITIALIZED_AUTOS = YES_AGGRESSIVE;
				GCC_WARN_UNUSED_FUNCTION = YES;
				GCC_WARN_UNUSED_VARIABLE = YES;
				IPHONEOS_DEPLOYMENT_TARGET = 8.0;
				MTL_ENABLE_DEBUG_INFO = YES;
				ONLY_ACTIVE_ARCH = YES;
				SDKROOT = iphoneos;
				SWIFT_OPTIMIZATION_LEVEL = "-Onone";
				TARGETED_DEVICE_FAMILY = "1,2";
			};
			name = Debug;
		};
		68164B9F19DFB42200F1947F /* Release */ = {
			isa = XCBuildConfiguration;
			buildSettings = {
				ALWAYS_SEARCH_USER_PATHS = NO;
				CLANG_CXX_LANGUAGE_STANDARD = "gnu++0x";
				CLANG_CXX_LIBRARY = "libc++";
				CLANG_ENABLE_MODULES = YES;
				CLANG_ENABLE_OBJC_ARC = YES;
				CLANG_WARN_BOOL_CONVERSION = YES;
				CLANG_WARN_CONSTANT_CONVERSION = YES;
				CLANG_WARN_DIRECT_OBJC_ISA_USAGE = YES_ERROR;
				CLANG_WARN_EMPTY_BODY = YES;
				CLANG_WARN_ENUM_CONVERSION = YES;
				CLANG_WARN_INT_CONVERSION = YES;
				CLANG_WARN_OBJC_ROOT_CLASS = YES_ERROR;
				CLANG_WARN_UNREACHABLE_CODE = YES;
				CLANG_WARN__DUPLICATE_METHOD_MATCH = YES;
				"CODE_SIGN_IDENTITY[sdk=iphoneos*]" = "iPhone Developer";
				COPY_PHASE_STRIP = YES;
				ENABLE_NS_ASSERTIONS = NO;
				ENABLE_STRICT_OBJC_MSGSEND = YES;
				GCC_C_LANGUAGE_STANDARD = gnu99;
				GCC_WARN_64_TO_32_BIT_CONVERSION = YES;
				GCC_WARN_ABOUT_RETURN_TYPE = YES_ERROR;
				GCC_WARN_UNDECLARED_SELECTOR = YES;
				GCC_WARN_UNINITIALIZED_AUTOS = YES_AGGRESSIVE;
				GCC_WARN_UNUSED_FUNCTION = YES;
				GCC_WARN_UNUSED_VARIABLE = YES;
				IPHONEOS_DEPLOYMENT_TARGET = 8.0;
				MTL_ENABLE_DEBUG_INFO = NO;
				SDKROOT = iphoneos;
				TARGETED_DEVICE_FAMILY = "1,2";
				VALIDATE_PRODUCT = YES;
			};
			name = Release;
		};
		68164BA119DFB42200F1947F /* Debug */ = {
			isa = XCBuildConfiguration;
			buildSettings = {
				ASSETCATALOG_COMPILER_APPICON_NAME = AppIcon;
				INFOPLIST_FILE = Postcard/Info.plist;
				LD_RUNPATH_SEARCH_PATHS = "$(inherited) @executable_path/Frameworks";
				PRODUCT_NAME = "$(TARGET_NAME)";
			};
			name = Debug;
		};
		68164BA219DFB42200F1947F /* Release */ = {
			isa = XCBuildConfiguration;
			buildSettings = {
				ASSETCATALOG_COMPILER_APPICON_NAME = AppIcon;
				INFOPLIST_FILE = Postcard/Info.plist;
				LD_RUNPATH_SEARCH_PATHS = "$(inherited) @executable_path/Frameworks";
				PRODUCT_NAME = "$(TARGET_NAME)";
			};
			name = Release;
		};
		68164BA419DFB42200F1947F /* Debug */ = {
			isa = XCBuildConfiguration;
			buildSettings = {
				BUNDLE_LOADER = "$(TEST_HOST)";
				FRAMEWORK_SEARCH_PATHS = (
					"$(SDKROOT)/Developer/Library/Frameworks",
					"$(inherited)",
				);
				GCC_PREPROCESSOR_DEFINITIONS = (
					"DEBUG=1",
					"$(inherited)",
				);
				INFOPLIST_FILE = PostcardTests/Info.plist;
				LD_RUNPATH_SEARCH_PATHS = "$(inherited) @executable_path/Frameworks @loader_path/Frameworks";
				PRODUCT_NAME = "$(TARGET_NAME)";
				TEST_HOST = "$(BUILT_PRODUCTS_DIR)/Postcard.app/Postcard";
			};
			name = Debug;
		};
		68164BA519DFB42200F1947F /* Release */ = {
			isa = XCBuildConfiguration;
			buildSettings = {
				BUNDLE_LOADER = "$(TEST_HOST)";
				FRAMEWORK_SEARCH_PATHS = (
					"$(SDKROOT)/Developer/Library/Frameworks",
					"$(inherited)",
				);
				INFOPLIST_FILE = PostcardTests/Info.plist;
				LD_RUNPATH_SEARCH_PATHS = "$(inherited) @executable_path/Frameworks @loader_path/Frameworks";
				PRODUCT_NAME = "$(TARGET_NAME)";
				TEST_HOST = "$(BUILT_PRODUCTS_DIR)/Postcard.app/Postcard";
			};
			name = Release;
		};
/* End XCBuildConfiguration section */

/* Begin XCConfigurationList section */
		68164B7C19DFB42200F1947F /* Build configuration list for PBXProject "Postcard" */ = {
			isa = XCConfigurationList;
			buildConfigurations = (
				68164B9E19DFB42200F1947F /* Debug */,
				68164B9F19DFB42200F1947F /* Release */,
			);
			defaultConfigurationIsVisible = 0;
			defaultConfigurationName = Release;
		};
		68164BA019DFB42200F1947F /* Build configuration list for PBXNativeTarget "Postcard" */ = {
			isa = XCConfigurationList;
			buildConfigurations = (
				68164BA119DFB42200F1947F /* Debug */,
				68164BA219DFB42200F1947F /* Release */,
			);
			defaultConfigurationIsVisible = 0;
		};
		68164BA319DFB42200F1947F /* Build configuration list for PBXNativeTarget "PostcardTests" */ = {
			isa = XCConfigurationList;
			buildConfigurations = (
				68164BA419DFB42200F1947F /* Debug */,
				68164BA519DFB42200F1947F /* Release */,
			);
			defaultConfigurationIsVisible = 0;
		};
/* End XCConfigurationList section */
	};
	rootObject = 68164B7919DFB42200F1947F /* Project object */;
}
